# This file was autogenerated by Stack.
# You should not edit this file by hand.
# For more information, please see the documentation at:
#   https://docs.haskellstack.org/en/stable/lock_files

packages:
- completed:
    name: beam-core
    pantry-tree:
      sha256: 52fe505a13a4661925467171224b8b7af66c245b38b4a85312c5417d0b96961c
      size: 2623
    sha256: 14fd75cebf86975c8ec869a1f786f71db1d9d064ea0e0a69884659fb1068f73d
    size: 1202208
    subdir: beam-core
    url: https://github.com/mycodedstuff/beam/archive/4e043802ed011b91bbd8a47d255b02a41ba51f2d.tar.gz
    version: 0.9.0.0
  original:
    subdir: beam-core
    url: https://github.com/mycodedstuff/beam/archive/4e043802ed011b91bbd8a47d255b02a41ba51f2d.tar.gz
- completed:
    name: beam-migrate
    pantry-tree:
      sha256: 6364169731c873116a5b6e69867184c49acbf71ab7e51a660bdc9ccf99dec6cd
      size: 1825
    sha256: 14fd75cebf86975c8ec869a1f786f71db1d9d064ea0e0a69884659fb1068f73d
    size: 1202208
    subdir: beam-migrate
    url: https://github.com/mycodedstuff/beam/archive/4e043802ed011b91bbd8a47d255b02a41ba51f2d.tar.gz
    version: 0.5.0.0
  original:
    subdir: beam-migrate
    url: https://github.com/mycodedstuff/beam/archive/4e043802ed011b91bbd8a47d255b02a41ba51f2d.tar.gz
- completed:
    name: beam-postgres
    pantry-tree:
      sha256: d7a09ab3522cd5d141cd0ca7d597c98c8c0189673724b8bd9c902dc2b623fdf8
      size: 2594
    sha256: 14fd75cebf86975c8ec869a1f786f71db1d9d064ea0e0a69884659fb1068f73d
    size: 1202208
    subdir: beam-postgres
    url: https://github.com/mycodedstuff/beam/archive/4e043802ed011b91bbd8a47d255b02a41ba51f2d.tar.gz
    version: 0.5.0.0
  original:
    subdir: beam-postgres
    url: https://github.com/mycodedstuff/beam/archive/4e043802ed011b91bbd8a47d255b02a41ba51f2d.tar.gz
- completed:
    name: beam-sqlite
    pantry-tree:
      sha256: 3de1879fca8bcacf4a55f97b27d6525946820cbadd3f2d2f5c83e083a562a319
      size: 859
    sha256: 14fd75cebf86975c8ec869a1f786f71db1d9d064ea0e0a69884659fb1068f73d
    size: 1202208
    subdir: beam-sqlite
    url: https://github.com/mycodedstuff/beam/archive/4e043802ed011b91bbd8a47d255b02a41ba51f2d.tar.gz
    version: 0.5.0.0
  original:
    subdir: beam-sqlite
    url: https://github.com/mycodedstuff/beam/archive/4e043802ed011b91bbd8a47d255b02a41ba51f2d.tar.gz
snapshots:
- completed:
    sha256: 428ec8d5ce932190d3cbe266b9eb3c175cd81e984babf876b64019e2cbe4ea68
    size: 590100
    url: https://raw.githubusercontent.com/commercialhaskell/stackage-snapshots/master/lts/18/28.yaml
  original:
    url: https://raw.githubusercontent.com/commercialhaskell/stackage-snapshots/master/lts/18/28.yaml
