# This file was autogenerated by Stack.
# You should not edit this file by hand.
# For more information, please see the documentation at:
#   https://docs.haskellstack.org/en/stable/lock_files

packages:
- completed:
    name: beam-core
    pantry-tree:
      sha256: a05198c6061aacde8ed505138228ea176dca80a555f2390ba0c4599d95c54482
      size: 2705
    sha256: 781e9ba51917125c68854806303ea2e31f7bc5762805121e9b603ccab65a1d44
    size: 1210235
    subdir: beam-core
    url: https://github.com/mycodedstuff/beam/archive/799fe6234976a486861ad0c49c297e47765dbd13.tar.gz
    version: 0.10.1.0
  original:
    subdir: beam-core
    url: https://github.com/mycodedstuff/beam/archive/799fe6234976a486861ad0c49c297e47765dbd13.tar.gz
- completed:
    name: beam-migrate
    pantry-tree:
      sha256: f7ecd3ba944b6495cdb1ba3d3cfd7181d2a76bf619cf4091e4059858d083ecc0
      size: 1826
    sha256: 781e9ba51917125c68854806303ea2e31f7bc5762805121e9b603ccab65a1d44
    size: 1210235
    subdir: beam-migrate
    url: https://github.com/mycodedstuff/beam/archive/799fe6234976a486861ad0c49c297e47765dbd13.tar.gz
    version: 0.5.2.1
  original:
    subdir: beam-migrate
    url: https://github.com/mycodedstuff/beam/archive/799fe6234976a486861ad0c49c297e47765dbd13.tar.gz
- completed:
    name: beam-postgres
    pantry-tree:
      sha256: d902243ee7d30390b5b22e96da1f6e6cb5cd053975f9fa512dd99aa08b2c6c23
      size: 2684
    sha256: 781e9ba51917125c68854806303ea2e31f7bc5762805121e9b603ccab65a1d44
    size: 1210235
    subdir: beam-postgres
    url: https://github.com/mycodedstuff/beam/archive/799fe6234976a486861ad0c49c297e47765dbd13.tar.gz
    version: 0.5.3.1
  original:
    subdir: beam-postgres
    url: https://github.com/mycodedstuff/beam/archive/799fe6234976a486861ad0c49c297e47765dbd13.tar.gz
- completed:
    name: beam-sqlite
    pantry-tree:
      sha256: 69b10471c280ad5e58bf20421e521cb788d62def03aa165d47fe892621b652cc
      size: 1229
    sha256: 781e9ba51917125c68854806303ea2e31f7bc5762805121e9b603ccab65a1d44
    size: 1210235
    subdir: beam-sqlite
    url: https://github.com/mycodedstuff/beam/archive/799fe6234976a486861ad0c49c297e47765dbd13.tar.gz
    version: 0.5.3.0
  original:
    subdir: beam-sqlite
    url: https://github.com/mycodedstuff/beam/archive/799fe6234976a486861ad0c49c297e47765dbd13.tar.gz
snapshots:
- completed:
    sha256: 428ec8d5ce932190d3cbe266b9eb3c175cd81e984babf876b64019e2cbe4ea68
    size: 590100
    url: https://raw.githubusercontent.com/commercialhaskell/stackage-snapshots/master/lts/18/28.yaml
  original:
    url: https://raw.githubusercontent.com/commercialhaskell/stackage-snapshots/master/lts/18/28.yaml
