# This file was autogenerated by Stack.
# You should not edit this file by hand.
# For more information, please see the documentation at:
#   https://docs.haskellstack.org/en/stable/lock_files

packages:
- completed:
    name: beam-core
    pantry-tree:
      sha256: f2f156de6ab2c8e2dfe9df2333ceb570ee168dae709ef7139002fee5f1a1ab7f
      size: 2623
    sha256: 191e46cdcfb2646d272ca2f90078e65a162c706f8216b6ae1f5620ad6d542a05
    size: 1205578
    subdir: beam-core
    url: https://github.com/mycodedstuff/beam/archive/f08e132b549991ba155bd2d8d9cf336f9ddc6882.tar.gz
    version: 0.9.0.0
  original:
    subdir: beam-core
    url: https://github.com/mycodedstuff/beam/archive/f08e132b549991ba155bd2d8d9cf336f9ddc6882.tar.gz
- completed:
    name: beam-migrate
    pantry-tree:
      sha256: e8a6c428770a1b9db684f7433169c2b36c92c96c990ee362236f59b8718c417c
      size: 1826
    sha256: 191e46cdcfb2646d272ca2f90078e65a162c706f8216b6ae1f5620ad6d542a05
    size: 1205578
    subdir: beam-migrate
    url: https://github.com/mycodedstuff/beam/archive/f08e132b549991ba155bd2d8d9cf336f9ddc6882.tar.gz
    version: 0.5.0.0
  original:
    subdir: beam-migrate
    url: https://github.com/mycodedstuff/beam/archive/f08e132b549991ba155bd2d8d9cf336f9ddc6882.tar.gz
- completed:
    name: beam-postgres
    pantry-tree:
      sha256: ec70d4ccce680df23d3e3742472274a7b3957e04ee17925928b03344e743c4e7
      size: 2594
    sha256: 191e46cdcfb2646d272ca2f90078e65a162c706f8216b6ae1f5620ad6d542a05
    size: 1205578
    subdir: beam-postgres
    url: https://github.com/mycodedstuff/beam/archive/f08e132b549991ba155bd2d8d9cf336f9ddc6882.tar.gz
    version: 0.5.0.0
  original:
    subdir: beam-postgres
    url: https://github.com/mycodedstuff/beam/archive/f08e132b549991ba155bd2d8d9cf336f9ddc6882.tar.gz
- completed:
    name: beam-sqlite
    pantry-tree:
      sha256: 3de1879fca8bcacf4a55f97b27d6525946820cbadd3f2d2f5c83e083a562a319
      size: 859
    sha256: 191e46cdcfb2646d272ca2f90078e65a162c706f8216b6ae1f5620ad6d542a05
    size: 1205578
    subdir: beam-sqlite
    url: https://github.com/mycodedstuff/beam/archive/f08e132b549991ba155bd2d8d9cf336f9ddc6882.tar.gz
    version: 0.5.0.0
  original:
    subdir: beam-sqlite
    url: https://github.com/mycodedstuff/beam/archive/f08e132b549991ba155bd2d8d9cf336f9ddc6882.tar.gz
- completed:
    hackage: flatparse-0.5.1.0@sha256:6f5bc2d750061eac198dae1ca700d8c5c9d69dc8a536d53fdccd21a115ccb9aa,4537
    pantry-tree:
      sha256: 52cb32ef5b8081652c182c4af000e4c5cb9645e8626534df74aa29cd3b759555
      size: 2341
  original:
    hackage: flatparse-0.5.1.0@sha256:6f5bc2d750061eac198dae1ca700d8c5c9d69dc8a536d53fdccd21a115ccb9aa,4537
snapshots:
- completed:
    sha256: 428ec8d5ce932190d3cbe266b9eb3c175cd81e984babf876b64019e2cbe4ea68
    size: 590100
    url: https://raw.githubusercontent.com/commercialhaskell/stackage-snapshots/master/lts/18/28.yaml
  original:
    url: https://raw.githubusercontent.com/commercialhaskell/stackage-snapshots/master/lts/18/28.yaml
